
Microsoft Visual Studio Solution File, Format Version 12.00
# Visual Studio Version 17
VisualStudioVersion = 17.8.34525.116
MinimumVisualStudioVersion = 10.0.40219.1
Project("{FAE04EC0-301F-11D3-BF4B-00C04F79EFBC}") = "IssueTrackerAppi", "IssueTrackerAppi\IssueTrackerAppi.csproj", "{D01CCBD5-5F2D-4A73-A436-14644846D8ED}"
EndProject
Global
	GlobalSection(SolutionConfigurationPlatforms) = preSolution
		Debug|Any CPU = Debug|Any CPU
		Release|Any CPU = Release|Any CPU
	EndGlobalSection
	GlobalSection(ProjectConfigurationPlatforms) = postSolution
		{D01CCBD5-5F2D-4A73-A436-14644846D8ED}.Debug|Any CPU.ActiveCfg = Debug|Any CPU
		{D01CCBD5-5F2D-4A73-A436-14644846D8ED}.Debug|Any CPU.Build.0 = Debug|Any CPU
		{D01CCBD5-5F2D-4A73-A436-14644846D8ED}.Release|Any CPU.ActiveCfg = Release|Any CPU
		{D01CCBD5-5F2D-4A73-A436-14644846D8ED}.Release|Any CPU.Build.0 = Release|Any CPU
	EndGlobalSection
	GlobalSection(SolutionProperties) = preSolution
		HideSolutionNode = FALSE
	EndGlobalSection
	GlobalSection(ExtensibilityGlobals) = postSolution
		SolutionGuid = {6D843FBA-4ADE-4B19-9B08-8A5A029F7B56}
	EndGlobalSection
EndGlobal
