
Microsoft Visual Studio Solution File, Format Version 12.00
# Visual Studio Version 17
VisualStudioVersion = 17.8.34525.116
MinimumVisualStudioVersion = 10.0.40219.1
Project("{9A19103F-16F7-4668-BE54-9A1E7A4F7556}") = "BusinessClockApi", "BusinessClockApi\BusinessClockApi.csproj", "{256A2E5D-9728-444D-9438-1FB19C0C7391}"
EndProject
Project("{9A19103F-16F7-4668-BE54-9A1E7A4F7556}") = "BusinessClockApi.ContractTests", "BusinessClockApi.ContractTests\BusinessClockApi.ContractTests.csproj", "{7FEA10D9-3791-450A-8755-01CC9C16E02B}"
EndProject
Project("{FAE04EC0-301F-11D3-BF4B-00C04F79EFBC}") = "BusinessClockApi.UnitTests", "BusinessClockApi.UnitTests\BusinessClockApi.UnitTests.csproj", "{2D0EBE7C-1F8B-4EB1-8A94-77D7F2854811}"
EndProject
Global
	GlobalSection(SolutionConfigurationPlatforms) = preSolution
		Debug|Any CPU = Debug|Any CPU
		Release|Any CPU = Release|Any CPU
	EndGlobalSection
	GlobalSection(ProjectConfigurationPlatforms) = postSolution
		{256A2E5D-9728-444D-9438-1FB19C0C7391}.Debug|Any CPU.ActiveCfg = Debug|Any CPU
		{256A2E5D-9728-444D-9438-1FB19C0C7391}.Debug|Any CPU.Build.0 = Debug|Any CPU
		{256A2E5D-9728-444D-9438-1FB19C0C7391}.Release|Any CPU.ActiveCfg = Release|Any CPU
		{256A2E5D-9728-444D-9438-1FB19C0C7391}.Release|Any CPU.Build.0 = Release|Any CPU
		{7FEA10D9-3791-450A-8755-01CC9C16E02B}.Debug|Any CPU.ActiveCfg = Debug|Any CPU
		{7FEA10D9-3791-450A-8755-01CC9C16E02B}.Debug|Any CPU.Build.0 = Debug|Any CPU
		{7FEA10D9-3791-450A-8755-01CC9C16E02B}.Release|Any CPU.ActiveCfg = Release|Any CPU
		{7FEA10D9-3791-450A-8755-01CC9C16E02B}.Release|Any CPU.Build.0 = Release|Any CPU
		{2D0EBE7C-1F8B-4EB1-8A94-77D7F2854811}.Debug|Any CPU.ActiveCfg = Debug|Any CPU
		{2D0EBE7C-1F8B-4EB1-8A94-77D7F2854811}.Debug|Any CPU.Build.0 = Debug|Any CPU
		{2D0EBE7C-1F8B-4EB1-8A94-77D7F2854811}.Release|Any CPU.ActiveCfg = Release|Any CPU
		{2D0EBE7C-1F8B-4EB1-8A94-77D7F2854811}.Release|Any CPU.Build.0 = Release|Any CPU
	EndGlobalSection
	GlobalSection(SolutionProperties) = preSolution
		HideSolutionNode = FALSE
	EndGlobalSection
	GlobalSection(ExtensibilityGlobals) = postSolution
		SolutionGuid = {300189EF-4A9F-4C4B-9671-E36144551B14}
	EndGlobalSection
EndGlobal
